
Microsoft Visual Studio Solution File, Format Version 12.00
# Visual Studio Version 17
VisualStudioVersion = 17.14.36930.0 d17.14
MinimumVisualStudioVersion = 10.0.40219.1
Project("{8BC9CEB8-8B4A-11D0-8D11-00A0C91BC942}") = "SocketClient", "SocketClient\SocketClient.vcxproj", "{8C345E7D-5908-4FD9-9D39-6132E915E77B}"
EndProject
Global
	GlobalSection(SolutionConfigurationPlatforms) = preSolution
		Debug|x64 = Debug|x64
		Debug|x86 = Debug|x86
		Release|x64 = Release|x64
		Release|x86 = Release|x86
	EndGlobalSection
	GlobalSection(ProjectConfigurationPlatforms) = postSolution
		{8C345E7D-5908-4FD9-9D39-6132E915E77B}.Debug|x64.ActiveCfg = Debug|x64
		{8C345E7D-5908-4FD9-9D39-6132E915E77B}.Debug|x64.Build.0 = Debug|x64
		{8C345E7D-5908-4FD9-9D39-6132E915E77B}.Debug|x86.ActiveCfg = Debug|Win32
		{8C345E7D-5908-4FD9-9D39-6132E915E77B}.Debug|x86.Build.0 = Debug|Win32
		{8C345E7D-5908-4FD9-9D39-6132E915E77B}.Release|x64.ActiveCfg = Release|x64
		{8C345E7D-5908-4FD9-9D39-6132E915E77B}.Release|x64.Build.0 = Release|x64
		{8C345E7D-5908-4FD9-9D39-6132E915E77B}.Release|x86.ActiveCfg = Release|Win32
		{8C345E7D-5908-4FD9-9D39-6132E915E77B}.Release|x86.Build.0 = Release|Win32
	EndGlobalSection
	GlobalSection(SolutionProperties) = preSolution
		HideSolutionNode = FALSE
	EndGlobalSection
	GlobalSection(ExtensibilityGlobals) = postSolution
		SolutionGuid = {8CF840E0-C995-46E3-9519-592FEC7750C5}
	EndGlobalSection
EndGlobal
